
Microsoft Visual Studio Solution File, Format Version 12.00
# Visual Studio Version 16
VisualStudioVersion = 16.0.30011.22
MinimumVisualStudioVersion = 10.0.40219.1
Project("{FAE04EC0-301F-11D3-BF4B-00C04F79EFBC}") = "ClientApp", "ClientApp.csproj", "{E875603A-6082-4B18-86D3-782C1B6F58D5}"
EndProject
Global
	GlobalSection(SolutionConfigurationPlatforms) = preSolution
		Debug|Any CPU = Debug|Any CPU
		Release|Any CPU = Release|Any CPU
	EndGlobalSection
	GlobalSection(ProjectConfigurationPlatforms) = postSolution
		{E875603A-6082-4B18-86D3-782C1B6F58D5}.Debug|Any CPU.ActiveCfg = Debug|Any CPU
		{E875603A-6082-4B18-86D3-782C1B6F58D5}.Debug|Any CPU.Build.0 = Debug|Any CPU
		{E875603A-6082-4B18-86D3-782C1B6F58D5}.Release|Any CPU.ActiveCfg = Release|Any CPU
		{E875603A-6082-4B18-86D3-782C1B6F58D5}.Release|Any CPU.Build.0 = Release|Any CPU
	EndGlobalSection
	GlobalSection(SolutionProperties) = preSolution
		HideSolutionNode = FALSE
	EndGlobalSection
	GlobalSection(ExtensibilityGlobals) = postSolution
		SolutionGuid = {99E95621-FB5A-4165-8CF6-80BA8B90B669}
	EndGlobalSection
EndGlobal
